
Microsoft Visual Studio Solution File, Format Version 12.00
# Visual Studio Version 16
VisualStudioVersion = 25.0.1703.8
MinimumVisualStudioVersion = 10.0.40219.1
Project("{FAE04EC0-301F-11D3-BF4B-00C04F79EFBC}") = "DataLayer", "DataLayer\DataLayer.csproj", "{0BBBB04F-9516-4A31-8A50-CC37C1E78E61}"
EndProject
Project("{FAE04EC0-301F-11D3-BF4B-00C04F79EFBC}") = "MyApp", "MyApp\MyApp.csproj", "{701B0CBB-8CF1-4AF1-8F60-915E571720E4}"
EndProject
Project("{FAE04EC0-301F-11D3-BF4B-00C04F79EFBC}") = "WebServer", "WebServer\WebServer.csproj", "{C3D53BBF-0B6D-4985-9969-7EAF8B1E8708}"
EndProject
Global
	GlobalSection(SolutionConfigurationPlatforms) = preSolution
		Debug|Any CPU = Debug|Any CPU
		Release|Any CPU = Release|Any CPU
	EndGlobalSection
	GlobalSection(ProjectConfigurationPlatforms) = postSolution
		{0BBBB04F-9516-4A31-8A50-CC37C1E78E61}.Debug|Any CPU.ActiveCfg = Debug|Any CPU
		{0BBBB04F-9516-4A31-8A50-CC37C1E78E61}.Debug|Any CPU.Build.0 = Debug|Any CPU
		{0BBBB04F-9516-4A31-8A50-CC37C1E78E61}.Release|Any CPU.ActiveCfg = Release|Any CPU
		{0BBBB04F-9516-4A31-8A50-CC37C1E78E61}.Release|Any CPU.Build.0 = Release|Any CPU
		{701B0CBB-8CF1-4AF1-8F60-915E571720E4}.Debug|Any CPU.ActiveCfg = Debug|Any CPU
		{701B0CBB-8CF1-4AF1-8F60-915E571720E4}.Debug|Any CPU.Build.0 = Debug|Any CPU
		{701B0CBB-8CF1-4AF1-8F60-915E571720E4}.Release|Any CPU.ActiveCfg = Release|Any CPU
		{701B0CBB-8CF1-4AF1-8F60-915E571720E4}.Release|Any CPU.Build.0 = Release|Any CPU
		{C3D53BBF-0B6D-4985-9969-7EAF8B1E8708}.Debug|Any CPU.ActiveCfg = Debug|Any CPU
		{C3D53BBF-0B6D-4985-9969-7EAF8B1E8708}.Debug|Any CPU.Build.0 = Debug|Any CPU
		{C3D53BBF-0B6D-4985-9969-7EAF8B1E8708}.Release|Any CPU.ActiveCfg = Release|Any CPU
		{C3D53BBF-0B6D-4985-9969-7EAF8B1E8708}.Release|Any CPU.Build.0 = Release|Any CPU
	EndGlobalSection
	GlobalSection(SolutionProperties) = preSolution
		HideSolutionNode = FALSE
	EndGlobalSection
	GlobalSection(ExtensibilityGlobals) = postSolution
		SolutionGuid = {A0BB3B81-EE2D-4439-AE0D-544ACE09FAA9}
	EndGlobalSection
EndGlobal
